
Microsoft Visual Studio Solution File, Format Version 12.00
# Visual Studio Version 16
VisualStudioVersion = 16.0.31321.278
MinimumVisualStudioVersion = 10.0.40219.1
Project("{FAE04EC0-301F-11D3-BF4B-00C04F79EFBC}") = "CNTTFAQ", "CNTTFAQ\CNTTFAQ.csproj", "{31AF06C7-683B-4E1E-BE6B-788012E9223B}"
EndProject
Project("{FAE04EC0-301F-11D3-BF4B-00C04F79EFBC}") = "CNTTFAQ.Tests", "CNTTFAQ.Tests\CNTTFAQ.Tests.csproj", "{B9466D56-5D20-40C3-B220-4943B5A95E8B}"
EndProject
Global
	GlobalSection(SolutionConfigurationPlatforms) = preSolution
		Debug|Any CPU = Debug|Any CPU
		Release|Any CPU = Release|Any CPU
	EndGlobalSection
	GlobalSection(ProjectConfigurationPlatforms) = postSolution
		{31AF06C7-683B-4E1E-BE6B-788012E9223B}.Debug|Any CPU.ActiveCfg = Debug|Any CPU
		{31AF06C7-683B-4E1E-BE6B-788012E9223B}.Debug|Any CPU.Build.0 = Debug|Any CPU
		{31AF06C7-683B-4E1E-BE6B-788012E9223B}.Release|Any CPU.ActiveCfg = Release|Any CPU
		{31AF06C7-683B-4E1E-BE6B-788012E9223B}.Release|Any CPU.Build.0 = Release|Any CPU
		{B9466D56-5D20-40C3-B220-4943B5A95E8B}.Debug|Any CPU.ActiveCfg = Debug|Any CPU
		{B9466D56-5D20-40C3-B220-4943B5A95E8B}.Debug|Any CPU.Build.0 = Debug|Any CPU
		{B9466D56-5D20-40C3-B220-4943B5A95E8B}.Release|Any CPU.ActiveCfg = Release|Any CPU
		{B9466D56-5D20-40C3-B220-4943B5A95E8B}.Release|Any CPU.Build.0 = Release|Any CPU
	EndGlobalSection
	GlobalSection(SolutionProperties) = preSolution
		HideSolutionNode = FALSE
	EndGlobalSection
	GlobalSection(ExtensibilityGlobals) = postSolution
		SolutionGuid = {D924FD79-023D-493F-A3DE-46D0240E2CCD}
	EndGlobalSection
EndGlobal
